{
  "name": "goat0722",
  "version": "1.0.0",
  "lockfileVersion": 1,
  "requires": true,
  "dependencies": {
    "@types/node": {
      "version": "16.10.9",
      "resolved": "https://registry.npmmirror.com/@types/node/download/@types/node-16.10.9.tgz?cache=0&sync_timestamp=1634160975668&other_urls=https%3A%2F%2Fregistry.npmmirror.com%2F%40types%2Fnode%2Fdownload%2F%40types%2Fnode-16.10.9.tgz",
      "integrity": "sha1-jxzdUXly92o7koKY9MB0fNb+8lo="
    },
    "@types/webidl-conversions": {
      "version": "6.1.1",
      "resolved": "https://registry.nlark.com/@types/webidl-conversions/download/@types/webidl-conversions-6.1.1.tgz?cache=0&sync_timestamp=1629709661607&other_urls=https%3A%2F%2Fregistry.nlark.com%2F%40types%2Fwebidl-conversions%2Fdownload%2F%40types%2Fwebidl-conversions-6.1.1.tgz",
      "integrity": "sha1-4zvI6oEqAfY/kEgcZmM0hEsSoJ4="
    },
    "@types/whatwg-url": {
      "version": "8.2.1",
      "resolved": "https://registry.nlark.com/@types/whatwg-url/download/@types/whatwg-url-8.2.1.tgz",
      "integrity": "sha1-8arCItq3xZ4BFmOgywoxF7LvBdQ=",
      "requires": {
        "@types/node": "*",
        "@types/webidl-conversions": "*"
      }
    },
    "base64-js": {
      "version": "1.5.1",
      "resolved": "https://registry.npm.taobao.org/base64-js/download/base64-js-1.5.1.tgz?cache=0&sync_timestamp=1605123700994&other_urls=https%3A%2F%2Fregistry.npm.taobao.org%2Fbase64-js%2Fdownload%2Fbase64-js-1.5.1.tgz",
      "integrity": "sha1-GxtEAWClv3rUC2UPCVljSBkDkwo="
    },
    "bson": {
      "version": "4.5.3",
      "resolved": "https://registry.npmmirror.com/bson/download/bson-4.5.3.tgz",
      "integrity": "sha1-3jeDs1ekB9k1UQvrH7soX+9DuwY=",
      "requires": {
        "buffer": "^5.6.0"
      }
    },
    "buffer": {
      "version": "5.7.1",
      "resolved": "https://registry.npm.taobao.org/buffer/download/buffer-5.7.1.tgz?cache=0&sync_timestamp=1606098073225&other_urls=https%3A%2F%2Fregistry.npm.taobao.org%2Fbuffer%2Fdownload%2Fbuffer-5.7.1.tgz",
      "integrity": "sha1-umLnwTEzBTWCGXFghRqPZI6Z7tA=",
      "requires": {
        "base64-js": "^1.3.1",
        "ieee754": "^1.1.13"
      }
    },
    "debug": {
      "version": "4.3.2",
      "resolved": "https://registry.nlark.com/debug/download/debug-4.3.2.tgz?cache=0&sync_timestamp=1625374675284&other_urls=https%3A%2F%2Fregistry.nlark.com%2Fdebug%2Fdownload%2Fdebug-4.3.2.tgz",
      "integrity": "sha1-8KScGKyHeeMdSgxgKd+3aHPHQos=",
      "requires": {
        "ms": "2.1.2"
      }
    },
    "denque": {
      "version": "2.0.1",
      "resolved": "https://registry.nlark.com/denque/download/denque-2.0.1.tgz",
      "integrity": "sha1-vO9MG4DcMu/pdRV0TyGkIpq4k0o="
    },
    "ieee754": {
      "version": "1.2.1",
      "resolved": "https://registry.nlark.com/ieee754/download/ieee754-1.2.1.tgz",
      "integrity": "sha1-jrehCmP/8l0VpXsAFYbRd9Gw01I="
    },
    "kareem": {
      "version": "2.3.2",
      "resolved": "https://registry.npm.taobao.org/kareem/download/kareem-2.3.2.tgz",
      "integrity": "sha1-eMRQiJSYW404oNwV4ajhEHjyypM="
    },
    "memory-pager": {
      "version": "1.5.0",
      "resolved": "https://registry.npm.taobao.org/memory-pager/download/memory-pager-1.5.0.tgz",
      "integrity": "sha1-2HUWVdItOEaCdByXLyw9bfo+ZrU=",
      "optional": true
    },
    "mongodb": {
      "version": "4.1.2",
      "resolved": "https://registry.npmmirror.com/mongodb/download/mongodb-4.1.2.tgz?cache=0&other_urls=https%3A%2F%2Fregistry.npmmirror.com%2Fmongodb%2Fdownload%2Fmongodb-4.1.2.tgz",
      "integrity": "sha1-NqtJTbOpqCffQcyw2bNqlL/q6Nc=",
      "requires": {
        "bson": "^4.5.2",
        "denque": "^2.0.1",
        "mongodb-connection-string-url": "^2.0.0",
        "saslprep": "^1.0.3"
      }
    },
    "mongodb-connection-string-url": {
      "version": "2.1.0",
      "resolved": "https://registry.nlark.com/mongodb-connection-string-url/download/mongodb-connection-string-url-2.1.0.tgz",
      "integrity": "sha1-nFIsEcN/Vx/s3csmesSnbvQyrrc=",
      "requires": {
        "@types/whatwg-url": "^8.2.1",
        "whatwg-url": "^9.1.0"
      }
    },
    "mongoose": {
      "version": "6.0.10",
      "resolved": "https://registry.npmmirror.com/mongoose/download/mongoose-6.0.10.tgz",
      "integrity": "sha1-wirJFK/M9kh3jt/hGVT0qgQloQU=",
      "requires": {
        "bson": "^4.2.2",
        "kareem": "2.3.2",
        "mongodb": "4.1.2",
        "mpath": "0.8.4",
        "mquery": "4.0.0",
        "ms": "2.1.2",
        "regexp-clone": "1.0.0",
        "sift": "13.5.2",
        "sliced": "1.0.1"
      }
    },
    "mpath": {
      "version": "0.8.4",
      "resolved": "https://registry.nlark.com/mpath/download/mpath-0.8.4.tgz?cache=0&sync_timestamp=1630509527824&other_urls=https%3A%2F%2Fregistry.nlark.com%2Fmpath%2Fdownload%2Fmpath-0.8.4.tgz",
      "integrity": "sha1-a1ZtlYFiHZ6THdOxQu02GOdZkxM="
    },
    "mquery": {
      "version": "4.0.0",
      "resolved": "https://registry.nlark.com/mquery/download/mquery-4.0.0.tgz?cache=0&sync_timestamp=1629842765284&other_urls=https%3A%2F%2Fregistry.nlark.com%2Fmquery%2Fdownload%2Fmquery-4.0.0.tgz",
      "integrity": "sha1-bGIWCtJSiemeCECQd1fN/WK953U=",
      "requires": {
        "debug": "4.x",
        "regexp-clone": "^1.0.0",
        "sliced": "1.0.1"
      }
    },
    "ms": {
      "version": "2.1.2",
      "resolved": "https://registry.npmmirror.com/ms/download/ms-2.1.2.tgz",
      "integrity": "sha1-0J0fNXtEP0kzgqjrPM0YOHKuYAk="
    },
    "punycode": {
      "version": "2.1.1",
      "resolved": "https://registry.nlark.com/punycode/download/punycode-2.1.1.tgz",
      "integrity": "sha1-tYsBCsQMIsVldhbI0sLALHv0eew="
    },
    "regexp-clone": {
      "version": "1.0.0",
      "resolved": "https://registry.npm.taobao.org/regexp-clone/download/regexp-clone-1.0.0.tgz",
      "integrity": "sha1-Ii25Z2IydwViYLmSYmNUoEzpv2M="
    },
    "saslprep": {
      "version": "1.0.3",
      "resolved": "https://registry.nlark.com/saslprep/download/saslprep-1.0.3.tgz",
      "integrity": "sha1-TAL5RrVs9UKX40e6EJPnrKxM8iY=",
      "optional": true,
      "requires": {
        "sparse-bitfield": "^3.0.3"
      }
    },
    "sift": {
      "version": "13.5.2",
      "resolved": "https://registry.npmmirror.com/sift/download/sift-13.5.2.tgz?cache=0&sync_timestamp=1632493727139&other_urls=https%3A%2F%2Fregistry.npmmirror.com%2Fsift%2Fdownload%2Fsift-13.5.2.tgz",
      "integrity": "sha1-JKcV4TxhewhhZs0EkX0gSlkcnaY="
    },
    "sliced": {
      "version": "1.0.1",
      "resolved": "https://registry.npm.taobao.org/sliced/download/sliced-1.0.1.tgz",
      "integrity": "sha1-CzpmK10Ewxd7GSa+qCsD+Dei70E="
    },
    "sparse-bitfield": {
      "version": "3.0.3",
      "resolved": "https://registry.nlark.com/sparse-bitfield/download/sparse-bitfield-3.0.3.tgz",
      "integrity": "sha1-/0rm5oZWBWuks+eSqzM004JzyhE=",
      "optional": true,
      "requires": {
        "memory-pager": "^1.0.2"
      }
    },
    "tr46": {
      "version": "2.1.0",
      "resolved": "https://registry.npmmirror.com/tr46/download/tr46-2.1.0.tgz?cache=0&sync_timestamp=1633302307967&other_urls=https%3A%2F%2Fregistry.npmmirror.com%2Ftr46%2Fdownload%2Ftr46-2.1.0.tgz",
      "integrity": "sha1-+oeqgcpdWUHajL8fm3SdyWmk4kA=",
      "requires": {
        "punycode": "^2.1.1"
      }
    },
    "webidl-conversions": {
      "version": "6.1.0",
      "resolved": "https://registry.nlark.com/webidl-conversions/download/webidl-conversions-6.1.0.tgz",
      "integrity": "sha1-kRG01+qArNQPUnDWZmIa+ni2lRQ="
    },
    "whatwg-url": {
      "version": "9.1.0",
      "resolved": "https://registry.npmmirror.com/whatwg-url/download/whatwg-url-9.1.0.tgz?cache=0&sync_timestamp=1633539062585&other_urls=https%3A%2F%2Fregistry.npmmirror.com%2Fwhatwg-url%2Fdownload%2Fwhatwg-url-9.1.0.tgz",
      "integrity": "sha1-GxEs8jfXLNZPp4grnD9iNKHDBQ0=",
      "requires": {
        "tr46": "^2.1.0",
        "webidl-conversions": "^6.1.0"
      }
    }
  }
}
